# Generated by resolve.py: <pool path> <sha256> <size>. Do not edit by hand.
pool/main/b/bash/bash_4.4.18-2ubuntu1.3_i386.deb e3bd3ace7d76ad857bc4ae14e856ce02acef847012a8b3f263cb705707aeb0f6 645232
pool/main/b/bc/bc_1.07.1-2_i386.deb 6dff9e28602d71d86b692d3b6b4946fbcbe881471d96dfce9364efdd3549abf4 87972
pool/main/b/busybox/busybox-static_1.27.2-2ubuntu3.4_i386.deb 5185502a1fa5893b87cbf17b2f39492b8cf3d7ad73d79bd215f405949d80a34b 858120
pool/main/c/coreutils/coreutils_8.28-1ubuntu1_i386.deb 57c2907f0c6c9dce555f858925d0f1325a932711c1c27d02f3c161691b46aa59 1305716
pool/main/d/diffutils/diffutils_3.6-1_i386.deb a35c8e2f6ba8822c46cd881d8c142d9c73c0dbc37650ea1559c971561d7c60e5 174502
pool/main/f/file/file_5.32-2ubuntu0.4_i386.deb 9e71be0ba8b9bd8fe0af600e741e823a26972178e2e38af415fe75326181fa9e 21960
pool/main/f/findutils/findutils_4.6.0+git+20170828-2_i386.deb a20d9dede21a481e34dadfeae973be435c783e61262322ac30028cf7d9f36c9c 305192
pool/main/g/gawk/gawk_4.1.4+dfsg-1build1_i386.deb 55607ab041781aab43711ed93838497aacbcd71faa814043b21c00f5377f69d8 410656
pool/main/g/grep/grep_3.1-2build1_i386.deb f82938e5f34b47b7be7c63caedbbad19053a70f6028855ee2506eb9ab9e8a4f1 163016
pool/main/g/gzip/gzip_1.6-5ubuntu1.2_i386.deb bd603c814ab99eb7d6c35c99b187e100c7cd742c5d4644f6162b60254f55e9fe 91568
pool/main/l/less/less_487-0.1_i386.deb 5b25115a690f50df97b3d9038042d88008f4a5a3f25a097fd35a8f0401a861a8 119944
pool/main/a/acl/libacl1_2.2.52-3build1_i386.deb 47e25f4f0f32406839fc06cc735512d0fdda07e805f4bb9d7dd9c42a1ce3f6a1 17640
pool/main/a/attr/libattr1_2.4.47-2build1_i386.deb 18799e2b93f745a83f68c6d0e99d9e6bf4990806f86b5c948e1a7ac0b146c7f3 9612
pool/main/g/glibc/libc6_2.27-3ubuntu1.6_i386.deb b5b72ab4176ee5f1d3e364fae9a2a502c87abd6436341ff78f3b65583d04e766 2554700
pool/main/g/gcc-8/libgcc1_8.4.0-1ubuntu1~18.04_i386.deb ee616604c668fbcf6e014c49668cb44cd19cc6f8dc57297a09d7fcd93f662117 48308
pool/main/g/gmp/libgmp10_6.1.2+dfsg-2ubuntu0.1_i386.deb 339e44c3d833d2c87763d7e54ec24a851882f336af33fe0d8d716f3890f860e0 246188
pool/main/f/file/libmagic-mgc_5.32-2ubuntu0.4_i386.deb f7610d8413660723b271c3daf43e641d50e2f3cffdf7f94eecada7504dd4e2c4 183876
pool/main/f/file/libmagic1_5.32-2ubuntu0.4_i386.deb 5da89eea1dbeb79307cd6bf53d0c7f938a5f4ee6d25bafd7e5238f054b78ad92 75156
pool/main/m/mpfr4/libmpfr6_4.0.1-1_i386.deb 04ff76918b8a3efda07408ecf2934a38c7ed481c8eb4f724d8775d55935cf135 245692
pool/main/n/ncurses/libncursesw5_6.1-1ubuntu1.18.04.1_i386.deb 0a149aef49395c0ee53405872a0dbbc396b213b9035ccc8d813e76cc25587712 128136
pool/main/p/pcre3/libpcre3_8.39-9ubuntu0.1_i386.deb f448b1dd723d04873583dc946e7a6893f1bf32125ae441db668f8a9708264a8f 229904
pool/main/r/readline/libreadline7_7.0-3_i386.deb bf884c86c08c81e8d561d893fe1a47ef1b98b9b6591b5cbcf36d2db5aca26bb7 127628
pool/main/libs/libselinux/libselinux1_2.7-2build2_i386.deb 3ac0934269d96c88e1a138030e66ab85287e9d048ab14f58a2c4e391ad46f04a 72896
pool/main/libs/libsigsegv/libsigsegv2_2.12-1_i386.deb 342dface644f287ac420592f83ff650f1170767348f61b0ae011f541a37557a1 15048
pool/main/n/ncurses/libtinfo5_6.1-1ubuntu1.18.04.1_i386.deb 2bd579eb8853721477b6e2488de089df8a6eff2f3f6013ecad804feec92662b1 81100
pool/main/l/linux/linux-image-4.15.0-213-generic_4.15.0-213.224_i386.deb da5497ea532127f11b9be52628cf3f5b6f65100e69866c2291752092f043529d 7537956
pool/main/n/nano/nano_2.9.3-2_i386.deb 3bd41b7c20a6287e0d60bbc5927abf09fb57809141d561043cf5a96f20f4a2ac 243312
pool/main/n/ncurses/ncurses-base_6.1-1ubuntu1.18.04.1_all.deb c3d95e18613d6b59f744776520c605d43042db8a8e2a9be3e3b456cac9d9c3cb 18268
pool/main/s/seabios/seabios_1.10.2-1ubuntu1_all.deb 977fe38fe2eaae8666b1201ae742db8619f2dea928932a35af9907164aacae62 128486
pool/main/s/sed/sed_4.4-2_i386.deb cafa9242a04d479d131ea571bc34618bc0adcafe1328a26a01233c888ccea443 185284
pool/main/t/tar/tar_1.29b-2ubuntu0.4_i386.deb 8d6a8e27f554e06ba2ed68dbe4ef3ec9861ecd34917d82881f01f4b36ceb5c62 253788
pool/main/v/vim/xxd_8.0.1453-1ubuntu1.13_i386.deb c436ce82f4c021fc97088a06586bcc5c12dc1eab47dd914463f05bc732d3bd30 51756
pool/main/z/zlib/zlib1g_1.2.11.dfsg-0ubuntu2.2_i386.deb edf75114ea67e7632efe579707cfb1042376754d32e216bda489a3057fee22fe 58640
